
Microsoft Visual Studio Solution File, Format Version 12.00
# Visual Studio Version 17
VisualStudioVersion = 17.2.32602.215
MinimumVisualStudioVersion = 10.0.40219.1
Project("{FAE04EC0-301F-11D3-BF4B-00C04F79EFBC}") = "Empresa", "Empresa\Empresa.csproj", "{58384E94-E45E-474B-87C1-977169F1257E}"
EndProject
Global
	GlobalSection(SolutionConfigurationPlatforms) = preSolution
		Debug|Any CPU = Debug|Any CPU
		Release|Any CPU = Release|Any CPU
	EndGlobalSection
	GlobalSection(ProjectConfigurationPlatforms) = postSolution
		{58384E94-E45E-474B-87C1-977169F1257E}.Debug|Any CPU.ActiveCfg = Debug|Any CPU
		{58384E94-E45E-474B-87C1-977169F1257E}.Debug|Any CPU.Build.0 = Debug|Any CPU
		{58384E94-E45E-474B-87C1-977169F1257E}.Release|Any CPU.ActiveCfg = Release|Any CPU
		{58384E94-E45E-474B-87C1-977169F1257E}.Release|Any CPU.Build.0 = Release|Any CPU
	EndGlobalSection
	GlobalSection(SolutionProperties) = preSolution
		HideSolutionNode = FALSE
	EndGlobalSection
	GlobalSection(ExtensibilityGlobals) = postSolution
		SolutionGuid = {7B09991C-AF7B-4521-B31D-751B365A1C67}
	EndGlobalSection
EndGlobal
