
Microsoft Visual Studio Solution File, Format Version 12.00
# Visual Studio Version 17
VisualStudioVersion = 17.2.32602.215
MinimumVisualStudioVersion = 10.0.40219.1
Project("{FAE04EC0-301F-11D3-BF4B-00C04F79EFBC}") = "senha", "senha\senha.csproj", "{586976B4-F414-45C9-83CF-859031BE91EC}"
EndProject
Global
	GlobalSection(SolutionConfigurationPlatforms) = preSolution
		Debug|Any CPU = Debug|Any CPU
		Release|Any CPU = Release|Any CPU
	EndGlobalSection
	GlobalSection(ProjectConfigurationPlatforms) = postSolution
		{586976B4-F414-45C9-83CF-859031BE91EC}.Debug|Any CPU.ActiveCfg = Debug|Any CPU
		{586976B4-F414-45C9-83CF-859031BE91EC}.Debug|Any CPU.Build.0 = Debug|Any CPU
		{586976B4-F414-45C9-83CF-859031BE91EC}.Release|Any CPU.ActiveCfg = Release|Any CPU
		{586976B4-F414-45C9-83CF-859031BE91EC}.Release|Any CPU.Build.0 = Release|Any CPU
	EndGlobalSection
	GlobalSection(SolutionProperties) = preSolution
		HideSolutionNode = FALSE
	EndGlobalSection
	GlobalSection(ExtensibilityGlobals) = postSolution
		SolutionGuid = {D40AD86B-400A-467E-82C2-E8CB52F442D0}
	EndGlobalSection
EndGlobal
