
Microsoft Visual Studio Solution File, Format Version 12.00
# Visual Studio Version 17
VisualStudioVersion = 17.2.32602.215
MinimumVisualStudioVersion = 10.0.40219.1
Project("{FAE04EC0-301F-11D3-BF4B-00C04F79EFBC}") = "correçãop", "correçãop\correçãop.csproj", "{52F5CCAB-88B0-4EC0-A7DC-FCB257FF0972}"
EndProject
Global
	GlobalSection(SolutionConfigurationPlatforms) = preSolution
		Debug|Any CPU = Debug|Any CPU
		Release|Any CPU = Release|Any CPU
	EndGlobalSection
	GlobalSection(ProjectConfigurationPlatforms) = postSolution
		{52F5CCAB-88B0-4EC0-A7DC-FCB257FF0972}.Debug|Any CPU.ActiveCfg = Debug|Any CPU
		{52F5CCAB-88B0-4EC0-A7DC-FCB257FF0972}.Debug|Any CPU.Build.0 = Debug|Any CPU
		{52F5CCAB-88B0-4EC0-A7DC-FCB257FF0972}.Release|Any CPU.ActiveCfg = Release|Any CPU
		{52F5CCAB-88B0-4EC0-A7DC-FCB257FF0972}.Release|Any CPU.Build.0 = Release|Any CPU
	EndGlobalSection
	GlobalSection(SolutionProperties) = preSolution
		HideSolutionNode = FALSE
	EndGlobalSection
	GlobalSection(ExtensibilityGlobals) = postSolution
		SolutionGuid = {F308CD21-6492-4056-B43B-56071176DEFD}
	EndGlobalSection
EndGlobal
