
Microsoft Visual Studio Solution File, Format Version 12.00
# Visual Studio Version 17
VisualStudioVersion = 17.2.32602.215
MinimumVisualStudioVersion = 10.0.40219.1
Project("{FAE04EC0-301F-11D3-BF4B-00C04F79EFBC}") = "estoque", "estoque\estoque.csproj", "{93902EBD-7077-4EDF-94DA-4E7A6452851F}"
EndProject
Global
	GlobalSection(SolutionConfigurationPlatforms) = preSolution
		Debug|Any CPU = Debug|Any CPU
		Release|Any CPU = Release|Any CPU
	EndGlobalSection
	GlobalSection(ProjectConfigurationPlatforms) = postSolution
		{93902EBD-7077-4EDF-94DA-4E7A6452851F}.Debug|Any CPU.ActiveCfg = Debug|Any CPU
		{93902EBD-7077-4EDF-94DA-4E7A6452851F}.Debug|Any CPU.Build.0 = Debug|Any CPU
		{93902EBD-7077-4EDF-94DA-4E7A6452851F}.Release|Any CPU.ActiveCfg = Release|Any CPU
		{93902EBD-7077-4EDF-94DA-4E7A6452851F}.Release|Any CPU.Build.0 = Release|Any CPU
	EndGlobalSection
	GlobalSection(SolutionProperties) = preSolution
		HideSolutionNode = FALSE
	EndGlobalSection
	GlobalSection(ExtensibilityGlobals) = postSolution
		SolutionGuid = {8F571EDE-D75B-421F-B7AE-812A6D2D0335}
	EndGlobalSection
EndGlobal
