
Microsoft Visual Studio Solution File, Format Version 12.00
# Visual Studio Version 17
VisualStudioVersion = 17.2.32602.215
MinimumVisualStudioVersion = 10.0.40219.1
Project("{FAE04EC0-301F-11D3-BF4B-00C04F79EFBC}") = "AluguelCar", "AluguelCar\AluguelCar.csproj", "{A508BA47-C2C5-4116-926C-0E5BFB40DDAC}"
EndProject
Global
	GlobalSection(SolutionConfigurationPlatforms) = preSolution
		Debug|Any CPU = Debug|Any CPU
		Release|Any CPU = Release|Any CPU
	EndGlobalSection
	GlobalSection(ProjectConfigurationPlatforms) = postSolution
		{A508BA47-C2C5-4116-926C-0E5BFB40DDAC}.Debug|Any CPU.ActiveCfg = Debug|Any CPU
		{A508BA47-C2C5-4116-926C-0E5BFB40DDAC}.Debug|Any CPU.Build.0 = Debug|Any CPU
		{A508BA47-C2C5-4116-926C-0E5BFB40DDAC}.Release|Any CPU.ActiveCfg = Release|Any CPU
		{A508BA47-C2C5-4116-926C-0E5BFB40DDAC}.Release|Any CPU.Build.0 = Release|Any CPU
	EndGlobalSection
	GlobalSection(SolutionProperties) = preSolution
		HideSolutionNode = FALSE
	EndGlobalSection
	GlobalSection(ExtensibilityGlobals) = postSolution
		SolutionGuid = {3A81BDE1-9BDA-4A1E-8683-9E034FF190F2}
	EndGlobalSection
EndGlobal
